
Microsoft Visual Studio Solution File, Format Version 12.00
# Visual Studio 15
VisualStudioVersion = 15.0.26124.0
MinimumVisualStudioVersion = 15.0.26124.0
Project("{2150E333-8FDC-42A3-9474-1A3956D46DE8}") = "src", "src", "{9ABEAC09-E548-47BE-9377-685947AD4DDF}"
EndProject
Project("{FAE04EC0-301F-11D3-BF4B-00C04F79EFBC}") = "Actio.Api", "src\Actio.Api\Actio.Api.csproj", "{5ADDC366-0BEF-4AD4-B816-9504E572A6FD}"
EndProject
Project("{FAE04EC0-301F-11D3-BF4B-00C04F79EFBC}") = "Actio.Common", "src\Actio.Common\Actio.Common.csproj", "{B6B7B316-6297-442F-B379-B776D411693A}"
EndProject
Project("{FAE04EC0-301F-11D3-BF4B-00C04F79EFBC}") = "Actio.Services.Activities", "src\Actio.Services.Activities\Actio.Services.Activities.csproj", "{885918B9-AE99-4FF0-BB5F-05199BEB96A9}"
EndProject
Project("{FAE04EC0-301F-11D3-BF4B-00C04F79EFBC}") = "Actio.Services.Identity", "src\Actio.Services.Identity\Actio.Services.Identity.csproj", "{A331FEA9-1D8B-4BF2-8698-094092433E79}"
EndProject
Project("{2150E333-8FDC-42A3-9474-1A3956D46DE8}") = "tests", "tests", "{1B9876EE-F3DC-4B15-BE58-3CF4DC098D51}"
EndProject
Project("{FAE04EC0-301F-11D3-BF4B-00C04F79EFBC}") = "Actio.Api.Tests", "tests\Actio.Api.Tests\Actio.Api.Tests.csproj", "{EC13F73A-2C28-4E24-970F-8B7A95BA5CD2}"
EndProject
Project("{FAE04EC0-301F-11D3-BF4B-00C04F79EFBC}") = "Actio.Services.Activities.Tests", "tests\Actio.Services.Activities.Tests\Actio.Services.Activities.Tests.csproj", "{186CF8E8-F73E-4A50-8F06-0E30847C2703}"
EndProject
Project("{FAE04EC0-301F-11D3-BF4B-00C04F79EFBC}") = "Actio.Services.Identity.Tests", "tests\Actio.Services.Identity.Tests\Actio.Services.Identity.Tests.csproj", "{CCD5F4EC-EFE2-4A99-A47D-354DDB6BB936}"
EndProject
Global
	GlobalSection(SolutionConfigurationPlatforms) = preSolution
		Debug|Any CPU = Debug|Any CPU
		Debug|x64 = Debug|x64
		Debug|x86 = Debug|x86
		Release|Any CPU = Release|Any CPU
		Release|x64 = Release|x64
		Release|x86 = Release|x86
	EndGlobalSection
	GlobalSection(SolutionProperties) = preSolution
		HideSolutionNode = FALSE
	EndGlobalSection
	GlobalSection(ProjectConfigurationPlatforms) = postSolution
		{5ADDC366-0BEF-4AD4-B816-9504E572A6FD}.Debug|Any CPU.ActiveCfg = Debug|Any CPU
		{5ADDC366-0BEF-4AD4-B816-9504E572A6FD}.Debug|Any CPU.Build.0 = Debug|Any CPU
		{5ADDC366-0BEF-4AD4-B816-9504E572A6FD}.Debug|x64.ActiveCfg = Debug|x64
		{5ADDC366-0BEF-4AD4-B816-9504E572A6FD}.Debug|x64.Build.0 = Debug|x64
		{5ADDC366-0BEF-4AD4-B816-9504E572A6FD}.Debug|x86.ActiveCfg = Debug|x86
		{5ADDC366-0BEF-4AD4-B816-9504E572A6FD}.Debug|x86.Build.0 = Debug|x86
		{5ADDC366-0BEF-4AD4-B816-9504E572A6FD}.Release|Any CPU.ActiveCfg = Release|Any CPU
		{5ADDC366-0BEF-4AD4-B816-9504E572A6FD}.Release|Any CPU.Build.0 = Release|Any CPU
		{5ADDC366-0BEF-4AD4-B816-9504E572A6FD}.Release|x64.ActiveCfg = Release|x64
		{5ADDC366-0BEF-4AD4-B816-9504E572A6FD}.Release|x64.Build.0 = Release|x64
		{5ADDC366-0BEF-4AD4-B816-9504E572A6FD}.Release|x86.ActiveCfg = Release|x86
		{5ADDC366-0BEF-4AD4-B816-9504E572A6FD}.Release|x86.Build.0 = Release|x86
		{B6B7B316-6297-442F-B379-B776D411693A}.Debug|Any CPU.ActiveCfg = Debug|Any CPU
		{B6B7B316-6297-442F-B379-B776D411693A}.Debug|Any CPU.Build.0 = Debug|Any CPU
		{B6B7B316-6297-442F-B379-B776D411693A}.Debug|x64.ActiveCfg = Debug|x64
		{B6B7B316-6297-442F-B379-B776D411693A}.Debug|x64.Build.0 = Debug|x64
		{B6B7B316-6297-442F-B379-B776D411693A}.Debug|x86.ActiveCfg = Debug|x86
		{B6B7B316-6297-442F-B379-B776D411693A}.Debug|x86.Build.0 = Debug|x86
		{B6B7B316-6297-442F-B379-B776D411693A}.Release|Any CPU.ActiveCfg = Release|Any CPU
		{B6B7B316-6297-442F-B379-B776D411693A}.Release|Any CPU.Build.0 = Release|Any CPU
		{B6B7B316-6297-442F-B379-B776D411693A}.Release|x64.ActiveCfg = Release|x64
		{B6B7B316-6297-442F-B379-B776D411693A}.Release|x64.Build.0 = Release|x64
		{B6B7B316-6297-442F-B379-B776D411693A}.Release|x86.ActiveCfg = Release|x86
		{B6B7B316-6297-442F-B379-B776D411693A}.Release|x86.Build.0 = Release|x86
		{885918B9-AE99-4FF0-BB5F-05199BEB96A9}.Debug|Any CPU.ActiveCfg = Debug|Any CPU
		{885918B9-AE99-4FF0-BB5F-05199BEB96A9}.Debug|Any CPU.Build.0 = Debug|Any CPU
		{885918B9-AE99-4FF0-BB5F-05199BEB96A9}.Debug|x64.ActiveCfg = Debug|x64
		{885918B9-AE99-4FF0-BB5F-05199BEB96A9}.Debug|x64.Build.0 = Debug|x64
		{885918B9-AE99-4FF0-BB5F-05199BEB96A9}.Debug|x86.ActiveCfg = Debug|x86
		{885918B9-AE99-4FF0-BB5F-05199BEB96A9}.Debug|x86.Build.0 = Debug|x86
		{885918B9-AE99-4FF0-BB5F-05199BEB96A9}.Release|Any CPU.ActiveCfg = Release|Any CPU
		{885918B9-AE99-4FF0-BB5F-05199BEB96A9}.Release|Any CPU.Build.0 = Release|Any CPU
		{885918B9-AE99-4FF0-BB5F-05199BEB96A9}.Release|x64.ActiveCfg = Release|x64
		{885918B9-AE99-4FF0-BB5F-05199BEB96A9}.Release|x64.Build.0 = Release|x64
		{885918B9-AE99-4FF0-BB5F-05199BEB96A9}.Release|x86.ActiveCfg = Release|x86
		{885918B9-AE99-4FF0-BB5F-05199BEB96A9}.Release|x86.Build.0 = Release|x86
		{A331FEA9-1D8B-4BF2-8698-094092433E79}.Debug|Any CPU.ActiveCfg = Debug|Any CPU
		{A331FEA9-1D8B-4BF2-8698-094092433E79}.Debug|Any CPU.Build.0 = Debug|Any CPU
		{A331FEA9-1D8B-4BF2-8698-094092433E79}.Debug|x64.ActiveCfg = Debug|x64
		{A331FEA9-1D8B-4BF2-8698-094092433E79}.Debug|x64.Build.0 = Debug|x64
		{A331FEA9-1D8B-4BF2-8698-094092433E79}.Debug|x86.ActiveCfg = Debug|x86
		{A331FEA9-1D8B-4BF2-8698-094092433E79}.Debug|x86.Build.0 = Debug|x86
		{A331FEA9-1D8B-4BF2-8698-094092433E79}.Release|Any CPU.ActiveCfg = Release|Any CPU
		{A331FEA9-1D8B-4BF2-8698-094092433E79}.Release|Any CPU.Build.0 = Release|Any CPU
		{A331FEA9-1D8B-4BF2-8698-094092433E79}.Release|x64.ActiveCfg = Release|x64
		{A331FEA9-1D8B-4BF2-8698-094092433E79}.Release|x64.Build.0 = Release|x64
		{A331FEA9-1D8B-4BF2-8698-094092433E79}.Release|x86.ActiveCfg = Release|x86
		{A331FEA9-1D8B-4BF2-8698-094092433E79}.Release|x86.Build.0 = Release|x86
		{EC13F73A-2C28-4E24-970F-8B7A95BA5CD2}.Debug|Any CPU.ActiveCfg = Debug|Any CPU
		{EC13F73A-2C28-4E24-970F-8B7A95BA5CD2}.Debug|Any CPU.Build.0 = Debug|Any CPU
		{EC13F73A-2C28-4E24-970F-8B7A95BA5CD2}.Debug|x64.ActiveCfg = Debug|x64
		{EC13F73A-2C28-4E24-970F-8B7A95BA5CD2}.Debug|x64.Build.0 = Debug|x64
		{EC13F73A-2C28-4E24-970F-8B7A95BA5CD2}.Debug|x86.ActiveCfg = Debug|x86
		{EC13F73A-2C28-4E24-970F-8B7A95BA5CD2}.Debug|x86.Build.0 = Debug|x86
		{EC13F73A-2C28-4E24-970F-8B7A95BA5CD2}.Release|Any CPU.ActiveCfg = Release|Any CPU
		{EC13F73A-2C28-4E24-970F-8B7A95BA5CD2}.Release|Any CPU.Build.0 = Release|Any CPU
		{EC13F73A-2C28-4E24-970F-8B7A95BA5CD2}.Release|x64.ActiveCfg = Release|x64
		{EC13F73A-2C28-4E24-970F-8B7A95BA5CD2}.Release|x64.Build.0 = Release|x64
		{EC13F73A-2C28-4E24-970F-8B7A95BA5CD2}.Release|x86.ActiveCfg = Release|x86
		{EC13F73A-2C28-4E24-970F-8B7A95BA5CD2}.Release|x86.Build.0 = Release|x86
		{186CF8E8-F73E-4A50-8F06-0E30847C2703}.Debug|Any CPU.ActiveCfg = Debug|Any CPU
		{186CF8E8-F73E-4A50-8F06-0E30847C2703}.Debug|Any CPU.Build.0 = Debug|Any CPU
		{186CF8E8-F73E-4A50-8F06-0E30847C2703}.Debug|x64.ActiveCfg = Debug|x64
		{186CF8E8-F73E-4A50-8F06-0E30847C2703}.Debug|x64.Build.0 = Debug|x64
		{186CF8E8-F73E-4A50-8F06-0E30847C2703}.Debug|x86.ActiveCfg = Debug|x86
		{186CF8E8-F73E-4A50-8F06-0E30847C2703}.Debug|x86.Build.0 = Debug|x86
		{186CF8E8-F73E-4A50-8F06-0E30847C2703}.Release|Any CPU.ActiveCfg = Release|Any CPU
		{186CF8E8-F73E-4A50-8F06-0E30847C2703}.Release|Any CPU.Build.0 = Release|Any CPU
		{186CF8E8-F73E-4A50-8F06-0E30847C2703}.Release|x64.ActiveCfg = Release|x64
		{186CF8E8-F73E-4A50-8F06-0E30847C2703}.Release|x64.Build.0 = Release|x64
		{186CF8E8-F73E-4A50-8F06-0E30847C2703}.Release|x86.ActiveCfg = Release|x86
		{186CF8E8-F73E-4A50-8F06-0E30847C2703}.Release|x86.Build.0 = Release|x86
		{CCD5F4EC-EFE2-4A99-A47D-354DDB6BB936}.Debug|Any CPU.ActiveCfg = Debug|Any CPU
		{CCD5F4EC-EFE2-4A99-A47D-354DDB6BB936}.Debug|Any CPU.Build.0 = Debug|Any CPU
		{CCD5F4EC-EFE2-4A99-A47D-354DDB6BB936}.Debug|x64.ActiveCfg = Debug|x64
		{CCD5F4EC-EFE2-4A99-A47D-354DDB6BB936}.Debug|x64.Build.0 = Debug|x64
		{CCD5F4EC-EFE2-4A99-A47D-354DDB6BB936}.Debug|x86.ActiveCfg = Debug|x86
		{CCD5F4EC-EFE2-4A99-A47D-354DDB6BB936}.Debug|x86.Build.0 = Debug|x86
		{CCD5F4EC-EFE2-4A99-A47D-354DDB6BB936}.Release|Any CPU.ActiveCfg = Release|Any CPU
		{CCD5F4EC-EFE2-4A99-A47D-354DDB6BB936}.Release|Any CPU.Build.0 = Release|Any CPU
		{CCD5F4EC-EFE2-4A99-A47D-354DDB6BB936}.Release|x64.ActiveCfg = Release|x64
		{CCD5F4EC-EFE2-4A99-A47D-354DDB6BB936}.Release|x64.Build.0 = Release|x64
		{CCD5F4EC-EFE2-4A99-A47D-354DDB6BB936}.Release|x86.ActiveCfg = Release|x86
		{CCD5F4EC-EFE2-4A99-A47D-354DDB6BB936}.Release|x86.Build.0 = Release|x86
	EndGlobalSection
	GlobalSection(NestedProjects) = preSolution
		{5ADDC366-0BEF-4AD4-B816-9504E572A6FD} = {9ABEAC09-E548-47BE-9377-685947AD4DDF}
		{B6B7B316-6297-442F-B379-B776D411693A} = {9ABEAC09-E548-47BE-9377-685947AD4DDF}
		{885918B9-AE99-4FF0-BB5F-05199BEB96A9} = {9ABEAC09-E548-47BE-9377-685947AD4DDF}
		{A331FEA9-1D8B-4BF2-8698-094092433E79} = {9ABEAC09-E548-47BE-9377-685947AD4DDF}
		{EC13F73A-2C28-4E24-970F-8B7A95BA5CD2} = {1B9876EE-F3DC-4B15-BE58-3CF4DC098D51}
		{186CF8E8-F73E-4A50-8F06-0E30847C2703} = {1B9876EE-F3DC-4B15-BE58-3CF4DC098D51}
		{CCD5F4EC-EFE2-4A99-A47D-354DDB6BB936} = {1B9876EE-F3DC-4B15-BE58-3CF4DC098D51}
	EndGlobalSection
EndGlobal
